schema: '2.0'
stages:
  download:
    cmd: uv run python -m purchase_propensity.data.download --url 
      https://archive.ics.uci.edu/static/public/468/online+shoppers+purchasing+intention+dataset.zip
      --sha256 b3055ee355f59134d851d32641183cb4a8b45def7124d2f50442a042f358e0d9 
      --output data/raw/online_shoppers_intention.csv
    deps:
    - path: src/purchase_propensity/data/download.py
      hash: md5
      md5: 3f8ebce977640eb5854f0b7a72bc21ca
      size: 2193
    params:
      params.yaml:
        data.sha256: 
          b3055ee355f59134d851d32641183cb4a8b45def7124d2f50442a042f358e0d9
        data.url: 
          https://archive.ics.uci.edu/static/public/468/online+shoppers+purchasing+intention+dataset.zip
    outs:
    - path: data/raw/online_shoppers_intention.csv
      hash: md5
      md5: cc6ec1db03b4f10f8de52c56ff48b085
      size: 1072063
  prepare:
    cmd: uv run python -m purchase_propensity.data.prepare --input 
      data/raw/online_shoppers_intention.csv --train-output 
      data/processed/train.csv --test-output data/processed/test.csv --test-size
      0.2 --random-state 42
    deps:
    - path: data/raw/online_shoppers_intention.csv
      hash: md5
      md5: cc6ec1db03b4f10f8de52c56ff48b085
      size: 1072063
    - path: src/purchase_propensity/data/prepare.py
      hash: md5
      md5: 230559a520d7a39eb6aad44707a4e12d
      size: 3094
    - path: src/purchase_propensity/schema.py
      hash: md5
      md5: 7088035cdb33e53fdef7ca023adae064
      size: 602
    params:
      params.yaml:
        split.random_state: 42
        split.test_size: 0.2
    outs:
    - path: data/processed/test.csv
      hash: md5
      md5: e9e3fa9b064fc60fec399159b9a46dee
      size: 222166
    - path: data/processed/train.csv
      hash: md5
      md5: 5baec3151425b828e795e1669c922e0c
      size: 887608
  train:
    cmd: uv run python -m purchase_propensity.training.train --train 
      data/processed/train.csv --test data/processed/test.csv --model-output 
      models/purchase_propensity.joblib --metrics-output reports/metrics.json 
      --random-state 42 --cv-folds 5 --primary-metric cv_pr_auc_mean 
      --tracking-uri sqlite:///mlflow.db --experiment-name purchase-propensity 
      --registered-model-name purchase-propensity-classifier --model-alias 
      champion
    deps:
    - path: data/processed/test.csv
      hash: md5
      md5: e9e3fa9b064fc60fec399159b9a46dee
      size: 222166
    - path: data/processed/train.csv
      hash: md5
      md5: 5baec3151425b828e795e1669c922e0c
      size: 887608
    - path: src/purchase_propensity/modeling/candidates.py
      hash: md5
      md5: 4ec5735fed7a91de203cb7a6464c2884
      size: 2271
    - path: src/purchase_propensity/modeling/metrics.py
      hash: md5
      md5: f44a403fcc00465be4b84717306eb2db
      size: 1567
    - path: src/purchase_propensity/modeling/registry.py
      hash: md5
      md5: f88a36bdd136fc10e5821c3dca671528
      size: 605
    - path: src/purchase_propensity/schema.py
      hash: md5
      md5: 7088035cdb33e53fdef7ca023adae064
      size: 602
    - path: src/purchase_propensity/training/train.py
      hash: md5
      md5: 183d98ce5c1a61fc093a027bc7fc5af7
      size: 7402
    params:
      params.yaml:
        mlflow.experiment_name: purchase-propensity
        mlflow.model_alias: champion
        mlflow.registered_model_name: purchase-propensity-classifier
        mlflow.tracking_uri: sqlite:///mlflow.db
        split.random_state: 42
        training.cv_folds: 5
        training.primary_metric: cv_pr_auc_mean
    outs:
    - path: models/purchase_propensity.joblib
      hash: md5
      md5: 32ad9283c26497c7dee57b9cbac4ec6b
      size: 14796523
    - path: reports/metrics.json
      hash: md5
      md5: 85b88f388e73d299fdb52bf594cbcb71
      size: 1415
